// !$*UTF8*$!
{
	archiveVersion = 1;
	classes = {
	};
	objectVersion = 46;
	objects = {

/* Begin PBXBuildFile section */
		7E97284EBC38949453C2472F /* libPods-PollutionMonitor.a in Frameworks */ = {isa = PBXBuildFile; fileRef = C688CC94CE05DFC27AE55002 /* libPods-PollutionMonitor.a */; };
		AD11550C1DFFF006003FCF4D /* AppDelegate.m in Sources */ = {isa = PBXBuildFile; fileRef = AD11550B1DFFF006003FCF4D /* AppDelegate.m */; };
		AD11550F1DFFF006003FCF4D /* main.m in Sources */ = {isa = PBXBuildFile; fileRef = AD11550E1DFFF006003FCF4D /* main.m */; };
		AD1155111DFFF006003FCF4D /* Assets.xcassets in Resources */ = {isa = PBXBuildFile; fileRef = AD1155101DFFF006003FCF4D /* Assets.xcassets */; };
		AD1155141DFFF006003FCF4D /* MainMenu.xib in Resources */ = {isa = PBXBuildFile; fileRef = AD1155121DFFF006003FCF4D /* MainMenu.xib */; };
		AD11551F1DFFF006003FCF4D /* PollutionMonitorTests.m in Sources */ = {isa = PBXBuildFile; fileRef = AD11551E1DFFF006003FCF4D /* PollutionMonitorTests.m */; };
		AD5F271E1E1E483F00142F58 /* SystemConfiguration.framework in Frameworks */ = {isa = PBXBuildFile; fileRef = AD5F271D1E1E483F00142F58 /* SystemConfiguration.framework */; };
		AD7F6D041E2F5C0300A2A1A4 /* cities.plist in Resources */ = {isa = PBXBuildFile; fileRef = AD7F6D031E2F5C0300A2A1A4 /* cities.plist */; };
		AD7F6D091E2F5E1A00A2A1A4 /* PLMCityList.m in Sources */ = {isa = PBXBuildFile; fileRef = AD7F6D081E2F5E1A00A2A1A4 /* PLMCityList.m */; };
		ADB5C1591E039EFD00380E7C /* set_build_number.sh in Resources */ = {isa = PBXBuildFile; fileRef = ADB5C1581E039EFD00380E7C /* set_build_number.sh */; };
		ADDCE2171E01036800E596D1 /* TestImage.m in Sources */ = {isa = PBXBuildFile; fileRef = ADDCE2161E01036800E596D1 /* TestImage.m */; };
		ADFABBD91E0135EE00F978EB /* PopoverViewController.m in Sources */ = {isa = PBXBuildFile; fileRef = ADFABBD71E0135EE00F978EB /* PopoverViewController.m */; };
		ADFABBDA1E0135EE00F978EB /* PopoverViewController.xib in Resources */ = {isa = PBXBuildFile; fileRef = ADFABBD81E0135EE00F978EB /* PopoverViewController.xib */; };
		ADFABBFE1E0284DB00F978EB /* NSString+Sha1.m in Sources */ = {isa = PBXBuildFile; fileRef = ADFABBFD1E0284DB00F978EB /* NSString+Sha1.m */; };
		C4EF651000E5BB0774B90A3A /* libPods-PollutionMonitorTests.a in Frameworks */ = {isa = PBXBuildFile; fileRef = F9F91734FB96DB860C77E9AE /* libPods-PollutionMonitorTests.a */; };
/* End PBXBuildFile section */

/* Begin PBXContainerItemProxy section */
		AD11551B1DFFF006003FCF4D /* PBXContainerItemProxy */ = {
			isa = PBXContainerItemProxy;
			containerPortal = AD1154FF1DFFF006003FCF4D /* Project object */;
			proxyType = 1;
			remoteGlobalIDString = AD1155061DFFF006003FCF4D;
			remoteInfo = PollutionMonitor;
		};
/* End PBXContainerItemProxy section */

/* Begin PBXFileReference section */
		7112C9AE92983523165DE98F /* Pods-PollutionMonitorTests.debug.xcconfig */ = {isa = PBXFileReference; includeInIndex = 1; lastKnownFileType = text.xcconfig; name = "Pods-PollutionMonitorTests.debug.xcconfig"; path = "Pods/Target Support Files/Pods-PollutionMonitorTests/Pods-PollutionMonitorTests.debug.xcconfig"; sourceTree = "<group>"; };
		718DE5069C405C96A5A7114A /* Pods-PollutionMonitorTests.release.xcconfig */ = {isa = PBXFileReference; includeInIndex = 1; lastKnownFileType = text.xcconfig; name = "Pods-PollutionMonitorTests.release.xcconfig"; path = "Pods/Target Support Files/Pods-PollutionMonitorTests/Pods-PollutionMonitorTests.release.xcconfig"; sourceTree = "<group>"; };
		AD1155071DFFF006003FCF4D /* PollutionMonitor.app */ = {isa = PBXFileReference; explicitFileType = wrapper.application; includeInIndex = 0; path = PollutionMonitor.app; sourceTree = BUILT_PRODUCTS_DIR; };
		AD11550A1DFFF006003FCF4D /* AppDelegate.h */ = {isa = PBXFileReference; lastKnownFileType = sourcecode.c.h; path = AppDelegate.h; sourceTree = "<group>"; };
		AD11550B1DFFF006003FCF4D /* AppDelegate.m */ = {isa = PBXFileReference; lastKnownFileType = sourcecode.c.objc; path = AppDelegate.m; sourceTree = "<group>"; };
		AD11550E1DFFF006003FCF4D /* main.m */ = {isa = PBXFileReference; lastKnownFileType = sourcecode.c.objc; path = main.m; sourceTree = "<group>"; };
		AD1155101DFFF006003FCF4D /* Assets.xcassets */ = {isa = PBXFileReference; lastKnownFileType = folder.assetcatalog; path = Assets.xcassets; sourceTree = "<group>"; };
		AD1155131DFFF006003FCF4D /* Base */ = {isa = PBXFileReference; lastKnownFileType = file.xib; name = Base; path = Base.lproj/MainMenu.xib; sourceTree = "<group>"; };
		AD1155151DFFF006003FCF4D /* Info.plist */ = {isa = PBXFileReference; lastKnownFileType = text.plist.xml; path = Info.plist; sourceTree = "<group>"; };
		AD11551A1DFFF006003FCF4D /* PollutionMonitorTests.xctest */ = {isa = PBXFileReference; explicitFileType = wrapper.cfbundle; includeInIndex = 0; path = PollutionMonitorTests.xctest; sourceTree = BUILT_PRODUCTS_DIR; };
		AD11551E1DFFF006003FCF4D /* PollutionMonitorTests.m */ = {isa = PBXFileReference; lastKnownFileType = sourcecode.c.objc; path = PollutionMonitorTests.m; sourceTree = "<group>"; };
		AD1155201DFFF006003FCF4D /* Info.plist */ = {isa = PBXFileReference; lastKnownFileType = text.plist.xml; path = Info.plist; sourceTree = "<group>"; };
		AD5F271D1E1E483F00142F58 /* SystemConfiguration.framework */ = {isa = PBXFileReference; lastKnownFileType = wrapper.framework; name = SystemConfiguration.framework; path = System/Library/Frameworks/SystemConfiguration.framework; sourceTree = SDKROOT; };
		AD7F6D031E2F5C0300A2A1A4 /* cities.plist */ = {isa = PBXFileReference; fileEncoding = 4; lastKnownFileType = text.plist.xml; path = cities.plist; sourceTree = "<group>"; };
		AD7F6D071E2F5E1A00A2A1A4 /* PLMCityList.h */ = {isa = PBXFileReference; fileEncoding = 4; lastKnownFileType = sourcecode.c.h; path = PLMCityList.h; sourceTree = "<group>"; };
		AD7F6D081E2F5E1A00A2A1A4 /* PLMCityList.m */ = {isa = PBXFileReference; fileEncoding = 4; lastKnownFileType = sourcecode.c.objc; path = PLMCityList.m; sourceTree = "<group>"; };
		ADB5C1581E039EFD00380E7C /* set_build_number.sh */ = {isa = PBXFileReference; fileEncoding = 4; lastKnownFileType = text.script.sh; path = set_build_number.sh; sourceTree = "<group>"; };
		ADDCE2151E01036800E596D1 /* TestImage.h */ = {isa = PBXFileReference; fileEncoding = 4; lastKnownFileType = sourcecode.c.h; path = TestImage.h; sourceTree = "<group>"; };
		ADDCE2161E01036800E596D1 /* TestImage.m */ = {isa = PBXFileReference; fileEncoding = 4; lastKnownFileType = sourcecode.c.objc; path = TestImage.m; sourceTree = "<group>"; };
		ADFABBD61E0135EE00F978EB /* PopoverViewController.h */ = {isa = PBXFileReference; fileEncoding = 4; lastKnownFileType = sourcecode.c.h; path = PopoverViewController.h; sourceTree = "<group>"; };
		ADFABBD71E0135EE00F978EB /* PopoverViewController.m */ = {isa = PBXFileReference; fileEncoding = 4; lastKnownFileType = sourcecode.c.objc; path = PopoverViewController.m; sourceTree = "<group>"; };
		ADFABBD81E0135EE00F978EB /* PopoverViewController.xib */ = {isa = PBXFileReference; fileEncoding = 4; lastKnownFileType = file.xib; path = PopoverViewController.xib; sourceTree = "<group>"; };
		ADFABBFC1E0284DB00F978EB /* NSString+Sha1.h */ = {isa = PBXFileReference; fileEncoding = 4; lastKnownFileType = sourcecode.c.h; path = "NSString+Sha1.h"; sourceTree = "<group>"; };
		ADFABBFD1E0284DB00F978EB /* NSString+Sha1.m */ = {isa = PBXFileReference; fileEncoding = 4; lastKnownFileType = sourcecode.c.objc; path = "NSString+Sha1.m"; sourceTree = "<group>"; };
		ADFABC001E02856400F978EB /* libcommonCrypto.tbd */ = {isa = PBXFileReference; lastKnownFileType = "sourcecode.text-based-dylib-definition"; name = libcommonCrypto.tbd; path = usr/lib/system/libcommonCrypto.tbd; sourceTree = SDKROOT; };
		B4110BD3B0C06DF45413C8F6 /* Pods-PollutionMonitor.release.xcconfig */ = {isa = PBXFileReference; includeInIndex = 1; lastKnownFileType = text.xcconfig; name = "Pods-PollutionMonitor.release.xcconfig"; path = "Pods/Target Support Files/Pods-PollutionMonitor/Pods-PollutionMonitor.release.xcconfig"; sourceTree = "<group>"; };
		C688CC94CE05DFC27AE55002 /* libPods-PollutionMonitor.a */ = {isa = PBXFileReference; explicitFileType = archive.ar; includeInIndex = 0; path = "libPods-PollutionMonitor.a"; sourceTree = BUILT_PRODUCTS_DIR; };
		DD81C8109F020A0A82F27D1D /* Pods-PollutionMonitor.debug.xcconfig */ = {isa = PBXFileReference; includeInIndex = 1; lastKnownFileType = text.xcconfig; name = "Pods-PollutionMonitor.debug.xcconfig"; path = "Pods/Target Support Files/Pods-PollutionMonitor/Pods-PollutionMonitor.debug.xcconfig"; sourceTree = "<group>"; };
		F9F91734FB96DB860C77E9AE /* libPods-PollutionMonitorTests.a */ = {isa = PBXFileReference; explicitFileType = archive.ar; includeInIndex = 0; path = "libPods-PollutionMonitorTests.a"; sourceTree = BUILT_PRODUCTS_DIR; };
/* End PBXFileReference section */

/* Begin PBXFrameworksBuildPhase section */
		AD1155041DFFF006003FCF4D /* Frameworks */ = {
			isa = PBXFrameworksBuildPhase;
			buildActionMask = 2147483647;
			files = (
				AD5F271E1E1E483F00142F58 /* SystemConfiguration.framework in Frameworks */,
				7E97284EBC38949453C2472F /* libPods-PollutionMonitor.a in Frameworks */,
			);
			runOnlyForDeploymentPostprocessing = 0;
		};
		AD1155171DFFF006003FCF4D /* Frameworks */ = {
			isa = PBXFrameworksBuildPhase;
			buildActionMask = 2147483647;
			files = (
				C4EF651000E5BB0774B90A3A /* libPods-PollutionMonitorTests.a in Frameworks */,
			);
			runOnlyForDeploymentPostprocessing = 0;
		};
/* End PBXFrameworksBuildPhase section */

/* Begin PBXGroup section */
		1D6955D7F065CB2D2BD31C2E /* Pods */ = {
			isa = PBXGroup;
			children = (
				DD81C8109F020A0A82F27D1D /* Pods-PollutionMonitor.debug.xcconfig */,
				B4110BD3B0C06DF45413C8F6 /* Pods-PollutionMonitor.release.xcconfig */,
				7112C9AE92983523165DE98F /* Pods-PollutionMonitorTests.debug.xcconfig */,
				718DE5069C405C96A5A7114A /* Pods-PollutionMonitorTests.release.xcconfig */,
			);
			name = Pods;
			sourceTree = "<group>";
		};
		AD1154FE1DFFF006003FCF4D = {
			isa = PBXGroup;
			children = (
				AD1155091DFFF006003FCF4D /* PollutionMonitor */,
				AD11551D1DFFF006003FCF4D /* PollutionMonitorTests */,
				AD1155081DFFF006003FCF4D /* Products */,
				ADFABBFF1E02856400F978EB /* Frameworks */,
				1D6955D7F065CB2D2BD31C2E /* Pods */,
			);
			sourceTree = "<group>";
		};
		AD1155081DFFF006003FCF4D /* Products */ = {
			isa = PBXGroup;
			children = (
				AD1155071DFFF006003FCF4D /* PollutionMonitor.app */,
				AD11551A1DFFF006003FCF4D /* PollutionMonitorTests.xctest */,
			);
			name = Products;
			sourceTree = "<group>";
		};
		AD1155091DFFF006003FCF4D /* PollutionMonitor */ = {
			isa = PBXGroup;
			children = (
				AD7F6D061E2F5E1A00A2A1A4 /* Model */,
				AD7F6D051E2F5C0C00A2A1A4 /* Resources */,
				ADB5C1571E039EFD00380E7C /* Scripts */,
				AD11550A1DFFF006003FCF4D /* AppDelegate.h */,
				AD11550B1DFFF006003FCF4D /* AppDelegate.m */,
				ADFABBFC1E0284DB00F978EB /* NSString+Sha1.h */,
				ADFABBFD1E0284DB00F978EB /* NSString+Sha1.m */,
				ADFABBD61E0135EE00F978EB /* PopoverViewController.h */,
				ADFABBD71E0135EE00F978EB /* PopoverViewController.m */,
				ADFABBD81E0135EE00F978EB /* PopoverViewController.xib */,
				AD1155101DFFF006003FCF4D /* Assets.xcassets */,
				AD1155121DFFF006003FCF4D /* MainMenu.xib */,
				AD1155151DFFF006003FCF4D /* Info.plist */,
				AD11550D1DFFF006003FCF4D /* Supporting Files */,
			);
			path = PollutionMonitor;
			sourceTree = "<group>";
		};
		AD11550D1DFFF006003FCF4D /* Supporting Files */ = {
			isa = PBXGroup;
			children = (
				AD11550E1DFFF006003FCF4D /* main.m */,
			);
			name = "Supporting Files";
			sourceTree = "<group>";
		};
		AD11551D1DFFF006003FCF4D /* PollutionMonitorTests */ = {
			isa = PBXGroup;
			children = (
				AD11551E1DFFF006003FCF4D /* PollutionMonitorTests.m */,
				AD1155201DFFF006003FCF4D /* Info.plist */,
			);
			path = PollutionMonitorTests;
			sourceTree = "<group>";
		};
		AD7F6D051E2F5C0C00A2A1A4 /* Resources */ = {
			isa = PBXGroup;
			children = (
				ADDCE2151E01036800E596D1 /* TestImage.h */,
				ADDCE2161E01036800E596D1 /* TestImage.m */,
				AD7F6D031E2F5C0300A2A1A4 /* cities.plist */,
			);
			name = Resources;
			sourceTree = "<group>";
		};
		AD7F6D061E2F5E1A00A2A1A4 /* Model */ = {
			isa = PBXGroup;
			children = (
				AD7F6D071E2F5E1A00A2A1A4 /* PLMCityList.h */,
				AD7F6D081E2F5E1A00A2A1A4 /* PLMCityList.m */,
			);
			path = Model;
			sourceTree = "<group>";
		};
		ADB5C1571E039EFD00380E7C /* Scripts */ = {
			isa = PBXGroup;
			children = (
				ADB5C1581E039EFD00380E7C /* set_build_number.sh */,
			);
			path = Scripts;
			sourceTree = "<group>";
		};
		ADFABBFF1E02856400F978EB /* Frameworks */ = {
			isa = PBXGroup;
			children = (
				AD5F271D1E1E483F00142F58 /* SystemConfiguration.framework */,
				ADFABC001E02856400F978EB /* libcommonCrypto.tbd */,
				C688CC94CE05DFC27AE55002 /* libPods-PollutionMonitor.a */,
				F9F91734FB96DB860C77E9AE /* libPods-PollutionMonitorTests.a */,
			);
			name = Frameworks;
			sourceTree = "<group>";
		};
/* End PBXGroup section */

/* Begin PBXNativeTarget section */
		AD1155061DFFF006003FCF4D /* PollutionMonitor */ = {
			isa = PBXNativeTarget;
			buildConfigurationList = AD1155231DFFF006003FCF4D /* Build configuration list for PBXNativeTarget "PollutionMonitor" */;
			buildPhases = (
				D546BB0A875BB6877E7D949A /* [CP] Check Pods Manifest.lock */,
				AD1155031DFFF006003FCF4D /* Sources */,
				AD1155041DFFF006003FCF4D /* Frameworks */,
				AD1155051DFFF006003FCF4D /* Resources */,
				ADB5C1561E039E8600380E7C /* Set Build Number */,
				B3668902C46378F7C3610AB4 /* [CP] Embed Pods Frameworks */,
				5F191526E95E76757CF2AE60 /* [CP] Copy Pods Resources */,
			);
			buildRules = (
			);
			dependencies = (
			);
			name = PollutionMonitor;
			productName = PollutionMonitor;
			productReference = AD1155071DFFF006003FCF4D /* PollutionMonitor.app */;
			productType = "com.apple.product-type.application";
		};
		AD1155191DFFF006003FCF4D /* PollutionMonitorTests */ = {
			isa = PBXNativeTarget;
			buildConfigurationList = AD1155261DFFF006003FCF4D /* Build configuration list for PBXNativeTarget "PollutionMonitorTests" */;
			buildPhases = (
				D83151783A83DC585FADF5E8 /* [CP] Check Pods Manifest.lock */,
				AD1155161DFFF006003FCF4D /* Sources */,
				AD1155171DFFF006003FCF4D /* Frameworks */,
				AD1155181DFFF006003FCF4D /* Resources */,
				ABEAA63AFFF96C045F0C3BDD /* [CP] Embed Pods Frameworks */,
				1C4AE7856E0D16DF6B86AA53 /* [CP] Copy Pods Resources */,
			);
			buildRules = (
			);
			dependencies = (
				AD11551C1DFFF006003FCF4D /* PBXTargetDependency */,
			);
			name = PollutionMonitorTests;
			productName = PollutionMonitorTests;
			productReference = AD11551A1DFFF006003FCF4D /* PollutionMonitorTests.xctest */;
			productType = "com.apple.product-type.bundle.unit-test";
		};
/* End PBXNativeTarget section */

/* Begin PBXProject section */
		AD1154FF1DFFF006003FCF4D /* Project object */ = {
			isa = PBXProject;
			attributes = {
				LastUpgradeCheck = 0810;
				ORGANIZATIONNAME = "Seagull Systems";
				TargetAttributes = {
					AD1155061DFFF006003FCF4D = {
						CreatedOnToolsVersion = 8.1;
						DevelopmentTeam = 8A3XPM2KYU;
						ProvisioningStyle = Automatic;
					};
					AD1155191DFFF006003FCF4D = {
						CreatedOnToolsVersion = 8.1;
						DevelopmentTeam = 8A3XPM2KYU;
						ProvisioningStyle = Automatic;
						TestTargetID = AD1155061DFFF006003FCF4D;
					};
				};
			};
			buildConfigurationList = AD1155021DFFF006003FCF4D /* Build configuration list for PBXProject "PollutionMonitor" */;
			compatibilityVersion = "Xcode 3.2";
			developmentRegion = English;
			hasScannedForEncodings = 0;
			knownRegions = (
				en,
				Base,
			);
			mainGroup = AD1154FE1DFFF006003FCF4D;
			productRefGroup = AD1155081DFFF006003FCF4D /* Products */;
			projectDirPath = "";
			projectRoot = "";
			targets = (
				AD1155061DFFF006003FCF4D /* PollutionMonitor */,
				AD1155191DFFF006003FCF4D /* PollutionMonitorTests */,
			);
		};
/* End PBXProject section */

/* Begin PBXResourcesBuildPhase section */
		AD1155051DFFF006003FCF4D /* Resources */ = {
			isa = PBXResourcesBuildPhase;
			buildActionMask = 2147483647;
			files = (
				AD1155111DFFF006003FCF4D /* Assets.xcassets in Resources */,
				AD1155141DFFF006003FCF4D /* MainMenu.xib in Resources */,
				ADFABBDA1E0135EE00F978EB /* PopoverViewController.xib in Resources */,
				AD7F6D041E2F5C0300A2A1A4 /* cities.plist in Resources */,
				ADB5C1591E039EFD00380E7C /* set_build_number.sh in Resources */,
			);
			runOnlyForDeploymentPostprocessing = 0;
		};
		AD1155181DFFF006003FCF4D /* Resources */ = {
			isa = PBXResourcesBuildPhase;
			buildActionMask = 2147483647;
			files = (
			);
			runOnlyForDeploymentPostprocessing = 0;
		};
/* End PBXResourcesBuildPhase section */

/* Begin PBXShellScriptBuildPhase section */
		1C4AE7856E0D16DF6B86AA53 /* [CP] Copy Pods Resources */ = {
			isa = PBXShellScriptBuildPhase;
			buildActionMask = 2147483647;
			files = (
			);
			inputPaths = (
			);
			name = "[CP] Copy Pods Resources";
			outputPaths = (
			);
			runOnlyForDeploymentPostprocessing = 0;
			shellPath = /bin/sh;
			shellScript = "\"${SRCROOT}/Pods/Target Support Files/Pods-PollutionMonitorTests/Pods-PollutionMonitorTests-resources.sh\"\n";
			showEnvVarsInLog = 0;
		};
		5F191526E95E76757CF2AE60 /* [CP] Copy Pods Resources */ = {
			isa = PBXShellScriptBuildPhase;
			buildActionMask = 2147483647;
			files = (
			);
			inputPaths = (
			);
			name = "[CP] Copy Pods Resources";
			outputPaths = (
			);
			runOnlyForDeploymentPostprocessing = 0;
			shellPath = /bin/sh;
			shellScript = "\"${SRCROOT}/Pods/Target Support Files/Pods-PollutionMonitor/Pods-PollutionMonitor-resources.sh\"\n";
			showEnvVarsInLog = 0;
		};
		ABEAA63AFFF96C045F0C3BDD /* [CP] Embed Pods Frameworks */ = {
			isa = PBXShellScriptBuildPhase;
			buildActionMask = 2147483647;
			files = (
			);
			inputPaths = (
			);
			name = "[CP] Embed Pods Frameworks";
			outputPaths = (
			);
			runOnlyForDeploymentPostprocessing = 0;
			shellPath = /bin/sh;
			shellScript = "\"${SRCROOT}/Pods/Target Support Files/Pods-PollutionMonitorTests/Pods-PollutionMonitorTests-frameworks.sh\"\n";
			showEnvVarsInLog = 0;
		};
		ADB5C1561E039E8600380E7C /* Set Build Number */ = {
			isa = PBXShellScriptBuildPhase;
			buildActionMask = 2147483647;
			files = (
			);
			inputPaths = (
			);
			name = "Set Build Number";
			outputPaths = (
			);
			runOnlyForDeploymentPostprocessing = 0;
			shellPath = /bin/sh;
			shellScript = $SRCROOT/PollutionMonitor/Scripts/set_build_number.sh;
		};
		B3668902C46378F7C3610AB4 /* [CP] Embed Pods Frameworks */ = {
			isa = PBXShellScriptBuildPhase;
			buildActionMask = 2147483647;
			files = (
			);
			inputPaths = (
			);
			name = "[CP] Embed Pods Frameworks";
			outputPaths = (
			);
			runOnlyForDeploymentPostprocessing = 0;
			shellPath = /bin/sh;
			shellScript = "\"${SRCROOT}/Pods/Target Support Files/Pods-PollutionMonitor/Pods-PollutionMonitor-frameworks.sh\"\n";
			showEnvVarsInLog = 0;
		};
		D546BB0A875BB6877E7D949A /* [CP] Check Pods Manifest.lock */ = {
			isa = PBXShellScriptBuildPhase;
			buildActionMask = 2147483647;
			files = (
			);
			inputPaths = (
			);
			name = "[CP] Check Pods Manifest.lock";
			outputPaths = (
			);
			runOnlyForDeploymentPostprocessing = 0;
			shellPath = /bin/sh;
			shellScript = "diff \"${PODS_ROOT}/../Podfile.lock\" \"${PODS_ROOT}/Manifest.lock\" > /dev/null\nif [ $? != 0 ] ; then\n    # print error to STDERR\n    echo \"error: The sandbox is not in sync with the Podfile.lock. Run 'pod install' or update your CocoaPods installation.\" >&2\n    exit 1\nfi\n";
			showEnvVarsInLog = 0;
		};
		D83151783A83DC585FADF5E8 /* [CP] Check Pods Manifest.lock */ = {
			isa = PBXShellScriptBuildPhase;
			buildActionMask = 2147483647;
			files = (
			);
			inputPaths = (
			);
			name = "[CP] Check Pods Manifest.lock";
			outputPaths = (
			);
			runOnlyForDeploymentPostprocessing = 0;
			shellPath = /bin/sh;
			shellScript = "diff \"${PODS_ROOT}/../Podfile.lock\" \"${PODS_ROOT}/Manifest.lock\" > /dev/null\nif [ $? != 0 ] ; then\n    # print error to STDERR\n    echo \"error: The sandbox is not in sync with the Podfile.lock. Run 'pod install' or update your CocoaPods installation.\" >&2\n    exit 1\nfi\n";
			showEnvVarsInLog = 0;
		};
/* End PBXShellScriptBuildPhase section */

/* Begin PBXSourcesBuildPhase section */
		AD1155031DFFF006003FCF4D /* Sources */ = {
			isa = PBXSourcesBuildPhase;
			buildActionMask = 2147483647;
			files = (
				ADFABBD91E0135EE00F978EB /* PopoverViewController.m in Sources */,
				ADDCE2171E01036800E596D1 /* TestImage.m in Sources */,
				AD11550F1DFFF006003FCF4D /* main.m in Sources */,
				ADFABBFE1E0284DB00F978EB /* NSString+Sha1.m in Sources */,
				AD11550C1DFFF006003FCF4D /* AppDelegate.m in Sources */,
				AD7F6D091E2F5E1A00A2A1A4 /* PLMCityList.m in Sources */,
			);
			runOnlyForDeploymentPostprocessing = 0;
		};
		AD1155161DFFF006003FCF4D /* Sources */ = {
			isa = PBXSourcesBuildPhase;
			buildActionMask = 2147483647;
			files = (
				AD11551F1DFFF006003FCF4D /* PollutionMonitorTests.m in Sources */,
			);
			runOnlyForDeploymentPostprocessing = 0;
		};
/* End PBXSourcesBuildPhase section */

/* Begin PBXTargetDependency section */
		AD11551C1DFFF006003FCF4D /* PBXTargetDependency */ = {
			isa = PBXTargetDependency;
			target = AD1155061DFFF006003FCF4D /* PollutionMonitor */;
			targetProxy = AD11551B1DFFF006003FCF4D /* PBXContainerItemProxy */;
		};
/* End PBXTargetDependency section */

/* Begin PBXVariantGroup section */
		AD1155121DFFF006003FCF4D /* MainMenu.xib */ = {
			isa = PBXVariantGroup;
			children = (
				AD1155131DFFF006003FCF4D /* Base */,
			);
			name = MainMenu.xib;
			sourceTree = "<group>";
		};
/* End PBXVariantGroup section */

/* Begin XCBuildConfiguration section */
		AD1155211DFFF006003FCF4D /* Debug */ = {
			isa = XCBuildConfiguration;
			buildSettings = {
				ALWAYS_SEARCH_USER_PATHS = NO;
				CLANG_ANALYZER_NONNULL = YES;
				CLANG_CXX_LANGUAGE_STANDARD = "gnu++0x";
				CLANG_CXX_LIBRARY = "libc++";
				CLANG_ENABLE_MODULES = YES;
				CLANG_ENABLE_OBJC_ARC = YES;
				CLANG_WARN_BOOL_CONVERSION = YES;
				CLANG_WARN_CONSTANT_CONVERSION = YES;
				CLANG_WARN_DIRECT_OBJC_ISA_USAGE = YES_ERROR;
				CLANG_WARN_DOCUMENTATION_COMMENTS = YES;
				CLANG_WARN_EMPTY_BODY = YES;
				CLANG_WARN_ENUM_CONVERSION = YES;
				CLANG_WARN_INFINITE_RECURSION = YES;
				CLANG_WARN_INT_CONVERSION = YES;
				CLANG_WARN_OBJC_ROOT_CLASS = YES_ERROR;
				CLANG_WARN_SUSPICIOUS_MOVES = YES;
				CLANG_WARN_UNREACHABLE_CODE = YES;
				CLANG_WARN__DUPLICATE_METHOD_MATCH = YES;
				CODE_SIGN_IDENTITY = "-";
				COPY_PHASE_STRIP = NO;
				DEBUG_INFORMATION_FORMAT = dwarf;
				ENABLE_STRICT_OBJC_MSGSEND = YES;
				ENABLE_TESTABILITY = YES;
				GCC_C_LANGUAGE_STANDARD = gnu99;
				GCC_DYNAMIC_NO_PIC = NO;
				GCC_NO_COMMON_BLOCKS = YES;
				GCC_OPTIMIZATION_LEVEL = 0;
				GCC_PREPROCESSOR_DEFINITIONS = (
					"DEBUG=1",
					"$(inherited)",
				);
				GCC_WARN_64_TO_32_BIT_CONVERSION = YES;
				GCC_WARN_ABOUT_RETURN_TYPE = YES_ERROR;
				GCC_WARN_UNDECLARED_SELECTOR = YES;
				GCC_WARN_UNINITIALIZED_AUTOS = YES_AGGRESSIVE;
				GCC_WARN_UNUSED_FUNCTION = YES;
				GCC_WARN_UNUSED_VARIABLE = YES;
				MACOSX_DEPLOYMENT_TARGET = 10.12;
				MTL_ENABLE_DEBUG_INFO = YES;
				ONLY_ACTIVE_ARCH = YES;
				SDKROOT = macosx;
			};
			name = Debug;
		};
		AD1155221DFFF006003FCF4D /* Release */ = {
			isa = XCBuildConfiguration;
			buildSettings = {
				ALWAYS_SEARCH_USER_PATHS = NO;
				CLANG_ANALYZER_NONNULL = YES;
				CLANG_CXX_LANGUAGE_STANDARD = "gnu++0x";
				CLANG_CXX_LIBRARY = "libc++";
				CLANG_ENABLE_MODULES = YES;
				CLANG_ENABLE_OBJC_ARC = YES;
				CLANG_WARN_BOOL_CONVERSION = YES;
				CLANG_WARN_CONSTANT_CONVERSION = YES;
				CLANG_WARN_DIRECT_OBJC_ISA_USAGE = YES_ERROR;
				CLANG_WARN_DOCUMENTATION_COMMENTS = YES;
				CLANG_WARN_EMPTY_BODY = YES;
				CLANG_WARN_ENUM_CONVERSION = YES;
				CLANG_WARN_INFINITE_RECURSION = YES;
				CLANG_WARN_INT_CONVERSION = YES;
				CLANG_WARN_OBJC_ROOT_CLASS = YES_ERROR;
				CLANG_WARN_SUSPICIOUS_MOVES = YES;
				CLANG_WARN_UNREACHABLE_CODE = YES;
				CLANG_WARN__DUPLICATE_METHOD_MATCH = YES;
				CODE_SIGN_IDENTITY = "-";
				COPY_PHASE_STRIP = NO;
				DEBUG_INFORMATION_FORMAT = "dwarf-with-dsym";
				ENABLE_NS_ASSERTIONS = NO;
				ENABLE_STRICT_OBJC_MSGSEND = YES;
				GCC_C_LANGUAGE_STANDARD = gnu99;
				GCC_NO_COMMON_BLOCKS = YES;
				GCC_WARN_64_TO_32_BIT_CONVERSION = YES;
				GCC_WARN_ABOUT_RETURN_TYPE = YES_ERROR;
				GCC_WARN_UNDECLARED_SELECTOR = YES;
				GCC_WARN_UNINITIALIZED_AUTOS = YES_AGGRESSIVE;
				GCC_WARN_UNUSED_FUNCTION = YES;
				GCC_WARN_UNUSED_VARIABLE = YES;
				MACOSX_DEPLOYMENT_TARGET = 10.12;
				MTL_ENABLE_DEBUG_INFO = NO;
				SDKROOT = macosx;
			};
			name = Release;
		};
		AD1155241DFFF006003FCF4D /* Debug */ = {
			isa = XCBuildConfiguration;
			baseConfigurationReference = DD81C8109F020A0A82F27D1D /* Pods-PollutionMonitor.debug.xcconfig */;
			buildSettings = {
				ASSETCATALOG_COMPILER_APPICON_NAME = AppIcon;
				COMBINE_HIDPI_IMAGES = YES;
				DEVELOPMENT_TEAM = 8A3XPM2KYU;
				INFOPLIST_FILE = PollutionMonitor/Info.plist;
				LD_RUNPATH_SEARCH_PATHS = "$(inherited) @executable_path/../Frameworks";
				LIBRARY_SEARCH_PATHS = (
					"$(inherited)",
					"$(SDKROOT)/usr/lib/system",
				);
				PRODUCT_BUNDLE_IDENTIFIER = com.seagullsystems.PollutionMonitor;
				PRODUCT_NAME = "$(TARGET_NAME)";
			};
			name = Debug;
		};
		AD1155251DFFF006003FCF4D /* Release */ = {
			isa = XCBuildConfiguration;
			baseConfigurationReference = B4110BD3B0C06DF45413C8F6 /* Pods-PollutionMonitor.release.xcconfig */;
			buildSettings = {
				ASSETCATALOG_COMPILER_APPICON_NAME = AppIcon;
				COMBINE_HIDPI_IMAGES = YES;
				DEVELOPMENT_TEAM = 8A3XPM2KYU;
				INFOPLIST_FILE = PollutionMonitor/Info.plist;
				LD_RUNPATH_SEARCH_PATHS = "$(inherited) @executable_path/../Frameworks";
				LIBRARY_SEARCH_PATHS = (
					"$(inherited)",
					"$(SDKROOT)/usr/lib/system",
				);
				PRODUCT_BUNDLE_IDENTIFIER = com.seagullsystems.PollutionMonitor;
				PRODUCT_NAME = "$(TARGET_NAME)";
			};
			name = Release;
		};
		AD1155271DFFF006003FCF4D /* Debug */ = {
			isa = XCBuildConfiguration;
			baseConfigurationReference = 7112C9AE92983523165DE98F /* Pods-PollutionMonitorTests.debug.xcconfig */;
			buildSettings = {
				BUNDLE_LOADER = "$(TEST_HOST)";
				COMBINE_HIDPI_IMAGES = YES;
				DEVELOPMENT_TEAM = 8A3XPM2KYU;
				INFOPLIST_FILE = PollutionMonitorTests/Info.plist;
				LD_RUNPATH_SEARCH_PATHS = "$(inherited) @executable_path/../Frameworks @loader_path/../Frameworks";
				PRODUCT_BUNDLE_IDENTIFIER = com.seagullsystems.PollutionMonitorTests;
				PRODUCT_NAME = "$(TARGET_NAME)";
				TEST_HOST = "$(BUILT_PRODUCTS_DIR)/PollutionMonitor.app/Contents/MacOS/PollutionMonitor";
			};
			name = Debug;
		};
		AD1155281DFFF006003FCF4D /* Release */ = {
			isa = XCBuildConfiguration;
			baseConfigurationReference = 718DE5069C405C96A5A7114A /* Pods-PollutionMonitorTests.release.xcconfig */;
			buildSettings = {
				BUNDLE_LOADER = "$(TEST_HOST)";
				COMBINE_HIDPI_IMAGES = YES;
				DEVELOPMENT_TEAM = 8A3XPM2KYU;
				INFOPLIST_FILE = PollutionMonitorTests/Info.plist;
				LD_RUNPATH_SEARCH_PATHS = "$(inherited) @executable_path/../Frameworks @loader_path/../Frameworks";
				PRODUCT_BUNDLE_IDENTIFIER = com.seagullsystems.PollutionMonitorTests;
				PRODUCT_NAME = "$(TARGET_NAME)";
				TEST_HOST = "$(BUILT_PRODUCTS_DIR)/PollutionMonitor.app/Contents/MacOS/PollutionMonitor";
			};
			name = Release;
		};
/* End XCBuildConfiguration section */

/* Begin XCConfigurationList section */
		AD1155021DFFF006003FCF4D /* Build configuration list for PBXProject "PollutionMonitor" */ = {
			isa = XCConfigurationList;
			buildConfigurations = (
				AD1155211DFFF006003FCF4D /* Debug */,
				AD1155221DFFF006003FCF4D /* Release */,
			);
			defaultConfigurationIsVisible = 0;
			defaultConfigurationName = Release;
		};
		AD1155231DFFF006003FCF4D /* Build configuration list for PBXNativeTarget "PollutionMonitor" */ = {
			isa = XCConfigurationList;
			buildConfigurations = (
				AD1155241DFFF006003FCF4D /* Debug */,
				AD1155251DFFF006003FCF4D /* Release */,
			);
			defaultConfigurationIsVisible = 0;
			defaultConfigurationName = Release;
		};
		AD1155261DFFF006003FCF4D /* Build configuration list for PBXNativeTarget "PollutionMonitorTests" */ = {
			isa = XCConfigurationList;
			buildConfigurations = (
				AD1155271DFFF006003FCF4D /* Debug */,
				AD1155281DFFF006003FCF4D /* Release */,
			);
			defaultConfigurationIsVisible = 0;
			defaultConfigurationName = Release;
		};
/* End XCConfigurationList section */
	};
	rootObject = AD1154FF1DFFF006003FCF4D /* Project object */;
}
